// !$*UTF8*$!
{
	archiveVersion = 1;
	classes = {
	};
	objectVersion = 46;
	objects = {

/* Begin PBXBuildFile section */
		E895C8DB19CBDFD90035B468 /* Foundation.framework in Frameworks */ = {isa = PBXBuildFile; fileRef = E895C8DA19CBDFD90035B468 /* Foundation.framework */; };
		E895C8DD19CBDFD90035B468 /* CoreGraphics.framework in Frameworks */ = {isa = PBXBuildFile; fileRef = E895C8DC19CBDFD90035B468 /* CoreGraphics.framework */; };
		E895C8DF19CBDFD90035B468 /* UIKit.framework in Frameworks */ = {isa = PBXBuildFile; fileRef = E895C8DE19CBDFD90035B468 /* UIKit.framework */; };
		E895C8E519CBDFD90035B468 /* InfoPlist.strings in Resources */ = {isa = PBXBuildFile; fileRef = E895C8E319CBDFD90035B468 /* InfoPlist.strings */; };
		E895C8E719CBDFD90035B468 /* main.m in Sources */ = {isa = PBXBuildFile; fileRef = E895C8E619CBDFD90035B468 /* main.m */; };
		E895C8EB19CBDFD90035B468 /* AppDelegate.m in Sources */ = {isa = PBXBuildFile; fileRef = E895C8EA19CBDFD90035B468 /* AppDelegate.m */; };
		E895C8EE19CBDFD90035B468 /* Main.storyboard in Resources */ = {isa = PBXBuildFile; fileRef = E895C8EC19CBDFD90035B468 /* Main.storyboard */; };
		E895C8F119CBDFD90035B468 /* ViewController.m in Sources */ = {isa = PBXBuildFile; fileRef = E895C8F019CBDFD90035B468 /* ViewController.m */; };
		E895C8F319CBDFD90035B468 /* Images.xcassets in Resources */ = {isa = PBXBuildFile; fileRef = E895C8F219CBDFD90035B468 /* Images.xcassets */; };
		E895C8FA19CBDFD90035B468 /* XCTest.framework in Frameworks */ = {isa = PBXBuildFile; fileRef = E895C8F919CBDFD90035B468 /* XCTest.framework */; };
		E895C8FB19CBDFD90035B468 /* Foundation.framework in Frameworks */ = {isa = PBXBuildFile; fileRef = E895C8DA19CBDFD90035B468 /* Foundation.framework */; };
		E895C8FC19CBDFD90035B468 /* UIKit.framework in Frameworks */ = {isa = PBXBuildFile; fileRef = E895C8DE19CBDFD90035B468 /* UIKit.framework */; };
		E895C90419CBDFD90035B468 /* InfoPlist.strings in Resources */ = {isa = PBXBuildFile; fileRef = E895C90219CBDFD90035B468 /* InfoPlist.strings */; };
		E895C90619CBDFD90035B468 /* tipsTests.m in Sources */ = {isa = PBXBuildFile; fileRef = E895C90519CBDFD90035B468 /* tipsTests.m */; };
/* End PBXBuildFile section */

/* Begin PBXContainerItemProxy section */
		E895C8FD19CBDFD90035B468 /* PBXContainerItemProxy */ = {
			isa = PBXContainerItemProxy;
			containerPortal = E895C8CF19CBDFD90035B468 /* Project object */;
			proxyType = 1;
			remoteGlobalIDString = E895C8D619CBDFD90035B468;
			remoteInfo = tips;
		};
/* End PBXContainerItemProxy section */

/* Begin PBXFileReference section */
		E895C8D719CBDFD90035B468 /* tips.app */ = {isa = PBXFileReference; explicitFileType = wrapper.application; includeInIndex = 0; path = tips.app; sourceTree = BUILT_PRODUCTS_DIR; };
		E895C8DA19CBDFD90035B468 /* Foundation.framework */ = {isa = PBXFileReference; lastKnownFileType = wrapper.framework; name = Foundation.framework; path = System/Library/Frameworks/Foundation.framework; sourceTree = SDKROOT; };
		E895C8DC19CBDFD90035B468 /* CoreGraphics.framework */ = {isa = PBXFileReference; lastKnownFileType = wrapper.framework; name = CoreGraphics.framework; path = System/Library/Frameworks/CoreGraphics.framework; sourceTree = SDKROOT; };
		E895C8DE19CBDFD90035B468 /* UIKit.framework */ = {isa = PBXFileReference; lastKnownFileType = wrapper.framework; name = UIKit.framework; path = System/Library/Frameworks/UIKit.framework; sourceTree = SDKROOT; };
		E895C8E219CBDFD90035B468 /* tips-Info.plist */ = {isa = PBXFileReference; lastKnownFileType = text.plist.xml; path = "tips-Info.plist"; sourceTree = "<group>"; };
		E895C8E419CBDFD90035B468 /* en */ = {isa = PBXFileReference; lastKnownFileType = text.plist.strings; name = en; path = en.lproj/InfoPlist.strings; sourceTree = "<group>"; };
		E895C8E619CBDFD90035B468 /* main.m */ = {isa = PBXFileReference; lastKnownFileType = sourcecode.c.objc; path = main.m; sourceTree = "<group>"; };
		E895C8E819CBDFD90035B468 /* tips-Prefix.pch */ = {isa = PBXFileReference; lastKnownFileType = sourcecode.c.h; path = "tips-Prefix.pch"; sourceTree = "<group>"; };
		E895C8E919CBDFD90035B468 /* AppDelegate.h */ = {isa = PBXFileReference; lastKnownFileType = sourcecode.c.h; path = AppDelegate.h; sourceTree = "<group>"; };
		E895C8EA19CBDFD90035B468 /* AppDelegate.m */ = {isa = PBXFileReference; lastKnownFileType = sourcecode.c.objc; path = AppDelegate.m; sourceTree = "<group>"; };
		E895C8ED19CBDFD90035B468 /* Base */ = {isa = PBXFileReference; lastKnownFileType = file.storyboard; name = Base; path = Base.lproj/Main.storyboard; sourceTree = "<group>"; };
		E895C8EF19CBDFD90035B468 /* ViewController.h */ = {isa = PBXFileReference; lastKnownFileType = sourcecode.c.h; path = ViewController.h; sourceTree = "<group>"; };
		E895C8F019CBDFD90035B468 /* ViewController.m */ = {isa = PBXFileReference; lastKnownFileType = sourcecode.c.objc; path = ViewController.m; sourceTree = "<group>"; };
		E895C8F219CBDFD90035B468 /* Images.xcassets */ = {isa = PBXFileReference; lastKnownFileType = folder.assetcatalog; path = Images.xcassets; sourceTree = "<group>"; };
		E895C8F819CBDFD90035B468 /* tipsTests.xctest */ = {isa = PBXFileReference; explicitFileType = wrapper.cfbundle; includeInIndex = 0; path = tipsTests.xctest; sourceTree = BUILT_PRODUCTS_DIR; };
		E895C8F919CBDFD90035B468 /* XCTest.framework */ = {isa = PBXFileReference; lastKnownFileType = wrapper.framework; name = XCTest.framework; path = Library/Frameworks/XCTest.framework; sourceTree = DEVELOPER_DIR; };
		E895C90119CBDFD90035B468 /* tipsTests-Info.plist */ = {isa = PBXFileReference; lastKnownFileType = text.plist.xml; path = "tipsTests-Info.plist"; sourceTree = "<group>"; };
		E895C90319CBDFD90035B468 /* en */ = {isa = PBXFileReference; lastKnownFileType = text.plist.strings; name = en; path = en.lproj/InfoPlist.strings; sourceTree = "<group>"; };
		E895C90519CBDFD90035B468 /* tipsTests.m */ = {isa = PBXFileReference; lastKnownFileType = sourcecode.c.objc; path = tipsTests.m; sourceTree = "<group>"; };
/* End PBXFileReference section */

/* Begin PBXFrameworksBuildPhase section */
		E895C8D419CBDFD90035B468 /* Frameworks */ = {
			isa = PBXFrameworksBuildPhase;
			buildActionMask = 2147483647;
			files = (
				E895C8DD19CBDFD90035B468 /* CoreGraphics.framework in Frameworks */,
				E895C8DF19CBDFD90035B468 /* UIKit.framework in Frameworks */,
				E895C8DB19CBDFD90035B468 /* Foundation.framework in Frameworks */,
			);
			runOnlyForDeploymentPostprocessing = 0;
		};
		E895C8F519CBDFD90035B468 /* Frameworks */ = {
			isa = PBXFrameworksBuildPhase;
			buildActionMask = 2147483647;
			files = (
				E895C8FA19CBDFD90035B468 /* XCTest.framework in Frameworks */,
				E895C8FC19CBDFD90035B468 /* UIKit.framework in Frameworks */,
				E895C8FB19CBDFD90035B468 /* Foundation.framework in Frameworks */,
			);
			runOnlyForDeploymentPostprocessing = 0;
		};
/* End PBXFrameworksBuildPhase section */

/* Begin PBXGroup section */
		E895C8CE19CBDFD90035B468 = {
			isa = PBXGroup;
			children = (
				E895C8E019CBDFD90035B468 /* tips */,
				E895C8FF19CBDFD90035B468 /* tipsTests */,
				E895C8D919CBDFD90035B468 /* Frameworks */,
				E895C8D819CBDFD90035B468 /* Products */,
			);
			sourceTree = "<group>";
		};
		E895C8D819CBDFD90035B468 /* Products */ = {
			isa = PBXGroup;
			children = (
				E895C8D719CBDFD90035B468 /* tips.app */,
				E895C8F819CBDFD90035B468 /* tipsTests.xctest */,
			);
			name = Products;
			sourceTree = "<group>";
		};
		E895C8D919CBDFD90035B468 /* Frameworks */ = {
			isa = PBXGroup;
			children = (
				E895C8DA19CBDFD90035B468 /* Foundation.framework */,
				E895C8DC19CBDFD90035B468 /* CoreGraphics.framework */,
				E895C8DE19CBDFD90035B468 /* UIKit.framework */,
				E895C8F919CBDFD90035B468 /* XCTest.framework */,
			);
			name = Frameworks;
			sourceTree = "<group>";
		};
		E895C8E019CBDFD90035B468 /* tips */ = {
			isa = PBXGroup;
			children = (
				E895C8E919CBDFD90035B468 /* AppDelegate.h */,
				E895C8EA19CBDFD90035B468 /* AppDelegate.m */,
				E895C8EC19CBDFD90035B468 /* Main.storyboard */,
				E895C8EF19CBDFD90035B468 /* ViewController.h */,
				E895C8F019CBDFD90035B468 /* ViewController.m */,
				E895C8F219CBDFD90035B468 /* Images.xcassets */,
				E895C8E119CBDFD90035B468 /* Supporting Files */,
			);
			path = tips;
			sourceTree = "<group>";
		};
		E895C8E119CBDFD90035B468 /* Supporting Files */ = {
			isa = PBXGroup;
			children = (
				E895C8E219CBDFD90035B468 /* tips-Info.plist */,
				E895C8E319CBDFD90035B468 /* InfoPlist.strings */,
				E895C8E619CBDFD90035B468 /* main.m */,
				E895C8E819CBDFD90035B468 /* tips-Prefix.pch */,
			);
			name = "Supporting Files";
			sourceTree = "<group>";
		};
		E895C8FF19CBDFD90035B468 /* tipsTests */ = {
			isa = PBXGroup;
			children = (
				E895C90519CBDFD90035B468 /* tipsTests.m */,
				E895C90019CBDFD90035B468 /* Supporting Files */,
			);
			path = tipsTests;
			sourceTree = "<group>";
		};
		E895C90019CBDFD90035B468 /* Supporting Files */ = {
			isa = PBXGroup;
			children = (
				E895C90119CBDFD90035B468 /* tipsTests-Info.plist */,
				E895C90219CBDFD90035B468 /* InfoPlist.strings */,
			);
			name = "Supporting Files";
			sourceTree = "<group>";
		};
/* End PBXGroup section */

/* Begin PBXNativeTarget section */
		E895C8D619CBDFD90035B468 /* tips */ = {
			isa = PBXNativeTarget;
			buildConfigurationList = E895C90919CBDFD90035B468 /* Build configuration list for PBXNativeTarget "tips" */;
			buildPhases = (
				E895C8D319CBDFD90035B468 /* Sources */,
				E895C8D419CBDFD90035B468 /* Frameworks */,
				E895C8D519CBDFD90035B468 /* Resources */,
			);
			buildRules = (
			);
			dependencies = (
			);
			name = tips;
			productName = tips;
			productReference = E895C8D719CBDFD90035B468 /* tips.app */;
			productType = "com.apple.product-type.application";
		};
		E895C8F719CBDFD90035B468 /* tipsTests */ = {
			isa = PBXNativeTarget;
			buildConfigurationList = E895C90C19CBDFD90035B468 /* Build configuration list for PBXNativeTarget "tipsTests" */;
			buildPhases = (
				E895C8F419CBDFD90035B468 /* Sources */,
				E895C8F519CBDFD90035B468 /* Frameworks */,
				E895C8F619CBDFD90035B468 /* Resources */,
			);
			buildRules = (
			);
			dependencies = (
				E895C8FE19CBDFD90035B468 /* PBXTargetDependency */,
			);
			name = tipsTests;
			productName = tipsTests;
			productReference = E895C8F819CBDFD90035B468 /* tipsTests.xctest */;
			productType = "com.apple.product-type.bundle.unit-test";
		};
/* End PBXNativeTarget section */

/* Begin PBXProject section */
		E895C8CF19CBDFD90035B468 /* Project object */ = {
			isa = PBXProject;
			attributes = {
				LastUpgradeCheck = 0510;
				ORGANIZATIONNAME = "Raj Poru";
				TargetAttributes = {
					E895C8F719CBDFD90035B468 = {
						TestTargetID = E895C8D619CBDFD90035B468;
					};
				};
			};
			buildConfigurationList = E895C8D219CBDFD90035B468 /* Build configuration list for PBXProject "tips" */;
			compatibilityVersion = "Xcode 3.2";
			developmentRegion = English;
			hasScannedForEncodings = 0;
			knownRegions = (
				en,
				Base,
			);
			mainGroup = E895C8CE19CBDFD90035B468;
			productRefGroup = E895C8D819CBDFD90035B468 /* Products */;
			projectDirPath = "";
			projectRoot = "";
			targets = (
				E895C8D619CBDFD90035B468 /* tips */,
				E895C8F719CBDFD90035B468 /* tipsTests */,
			);
		};
/* End PBXProject section */

/* Begin PBXResourcesBuildPhase section */
		E895C8D519CBDFD90035B468 /* Resources */ = {
			isa = PBXResourcesBuildPhase;
			buildActionMask = 2147483647;
			files = (
				E895C8F319CBDFD90035B468 /* Images.xcassets in Resources */,
				E895C8E519CBDFD90035B468 /* InfoPlist.strings in Resources */,
				E895C8EE19CBDFD90035B468 /* Main.storyboard in Resources */,
			);
			runOnlyForDeploymentPostprocessing = 0;
		};
		E895C8F619CBDFD90035B468 /* Resources */ = {
			isa = PBXResourcesBuildPhase;
			buildActionMask = 2147483647;
			files = (
				E895C90419CBDFD90035B468 /* InfoPlist.strings in Resources */,
			);
			runOnlyForDeploymentPostprocessing = 0;
		};
/* End PBXResourcesBuildPhase section */

/* Begin PBXSourcesBuildPhase section */
		E895C8D319CBDFD90035B468 /* Sources */ = {
			isa = PBXSourcesBuildPhase;
			buildActionMask = 2147483647;
			files = (
				E895C8F119CBDFD90035B468 /* ViewController.m in Sources */,
				E895C8EB19CBDFD90035B468 /* AppDelegate.m in Sources */,
				E895C8E719CBDFD90035B468 /* main.m in Sources */,
			);
			runOnlyForDeploymentPostprocessing = 0;
		};
		E895C8F419CBDFD90035B468 /* Sources */ = {
			isa = PBXSourcesBuildPhase;
			buildActionMask = 2147483647;
			files = (
				E895C90619CBDFD90035B468 /* tipsTests.m in Sources */,
			);
			runOnlyForDeploymentPostprocessing = 0;
		};
/* End PBXSourcesBuildPhase section */

/* Begin PBXTargetDependency section */
		E895C8FE19CBDFD90035B468 /* PBXTargetDependency */ = {
			isa = PBXTargetDependency;
			target = E895C8D619CBDFD90035B468 /* tips */;
			targetProxy = E895C8FD19CBDFD90035B468 /* PBXContainerItemProxy */;
		};
/* End PBXTargetDependency section */

/* Begin PBXVariantGroup section */
		E895C8E319CBDFD90035B468 /* InfoPlist.strings */ = {
			isa = PBXVariantGroup;
			children = (
				E895C8E419CBDFD90035B468 /* en */,
			);
			name = InfoPlist.strings;
			sourceTree = "<group>";
		};
		E895C8EC19CBDFD90035B468 /* Main.storyboard */ = {
			isa = PBXVariantGroup;
			children = (
				E895C8ED19CBDFD90035B468 /* Base */,
			);
			name = Main.storyboard;
			sourceTree = "<group>";
		};
		E895C90219CBDFD90035B468 /* InfoPlist.strings */ = {
			isa = PBXVariantGroup;
			children = (
				E895C90319CBDFD90035B468 /* en */,
			);
			name = InfoPlist.strings;
			sourceTree = "<group>";
		};
/* End PBXVariantGroup section */

/* Begin XCBuildConfiguration section */
		E895C90719CBDFD90035B468 /* Debug */ = {
			isa = XCBuildConfiguration;
			buildSettings = {
				ALWAYS_SEARCH_USER_PATHS = NO;
				CLANG_CXX_LANGUAGE_STANDARD = "gnu++0x";
				CLANG_CXX_LIBRARY = "libc++";
				CLANG_ENABLE_MODULES = YES;
				CLANG_ENABLE_OBJC_ARC = YES;
				CLANG_WARN_BOOL_CONVERSION = YES;
				CLANG_WARN_CONSTANT_CONVERSION = YES;
				CLANG_WARN_DIRECT_OBJC_ISA_USAGE = YES_ERROR;
				CLANG_WARN_EMPTY_BODY = YES;
				CLANG_WARN_ENUM_CONVERSION = YES;
				CLANG_WARN_INT_CONVERSION = YES;
				CLANG_WARN_OBJC_ROOT_CLASS = YES_ERROR;
				CLANG_WARN__DUPLICATE_METHOD_MATCH = YES;
				"CODE_SIGN_IDENTITY[sdk=iphoneos*]" = "iPhone Developer";
				COPY_PHASE_STRIP = NO;
				GCC_C_LANGUAGE_STANDARD = gnu99;
				GCC_DYNAMIC_NO_PIC = NO;
				GCC_OPTIMIZATION_LEVEL = 0;
				GCC_PREPROCESSOR_DEFINITIONS = (
					"DEBUG=1",
					"$(inherited)",
				);
				GCC_SYMBOLS_PRIVATE_EXTERN = NO;
				GCC_WARN_64_TO_32_BIT_CONVERSION = YES;
				GCC_WARN_ABOUT_RETURN_TYPE = YES_ERROR;
				GCC_WARN_UNDECLARED_SELECTOR = YES;
				GCC_WARN_UNINITIALIZED_AUTOS = YES_AGGRESSIVE;
				GCC_WARN_UNUSED_FUNCTION = YES;
				GCC_WARN_UNUSED_VARIABLE = YES;
				IPHONEOS_DEPLOYMENT_TARGET = 7.1;
				ONLY_ACTIVE_ARCH = YES;
				SDKROOT = iphoneos;
			};
			name = Debug;
		};
		E895C90819CBDFD90035B468 /* Release */ = {
			isa = XCBuildConfiguration;
			buildSettings = {
				ALWAYS_SEARCH_USER_PATHS = NO;
				CLANG_CXX_LANGUAGE_STANDARD = "gnu++0x";
				CLANG_CXX_LIBRARY = "libc++";
				CLANG_ENABLE_MODULES = YES;
				CLANG_ENABLE_OBJC_ARC = YES;
				CLANG_WARN_BOOL_CONVERSION = YES;
				CLANG_WARN_CONSTANT_CONVERSION = YES;
				CLANG_WARN_DIRECT_OBJC_ISA_USAGE = YES_ERROR;
				CLANG_WARN_EMPTY_BODY = YES;
				CLANG_WARN_ENUM_CONVERSION = YES;
				CLANG_WARN_INT_CONVERSION = YES;
				CLANG_WARN_OBJC_ROOT_CLASS = YES_ERROR;
				CLANG_WARN__DUPLICATE_METHOD_MATCH = YES;
				"CODE_SIGN_IDENTITY[sdk=iphoneos*]" = "iPhone Developer";
				COPY_PHASE_STRIP = YES;
				ENABLE_NS_ASSERTIONS = NO;
				GCC_C_LANGUAGE_STANDARD = gnu99;
				GCC_WARN_64_TO_32_BIT_CONVERSION = YES;
				GCC_WARN_ABOUT_RETURN_TYPE = YES_ERROR;
				GCC_WARN_UNDECLARED_SELECTOR = YES;
				GCC_WARN_UNINITIALIZED_AUTOS = YES_AGGRESSIVE;
				GCC_WARN_UNUSED_FUNCTION = YES;
				GCC_WARN_UNUSED_VARIABLE = YES;
				IPHONEOS_DEPLOYMENT_TARGET = 7.1;
				SDKROOT = iphoneos;
				VALIDATE_PRODUCT = YES;
			};
			name = Release;
		};
		E895C90A19CBDFD90035B468 /* Debug */ = {
			isa = XCBuildConfiguration;
			buildSettings = {
				ASSETCATALOG_COMPILER_APPICON_NAME = AppIcon;
				ASSETCATALOG_COMPILER_LAUNCHIMAGE_NAME = LaunchImage;
				GCC_PRECOMPILE_PREFIX_HEADER = YES;
				GCC_PREFIX_HEADER = "tips/tips-Prefix.pch";
				INFOPLIST_FILE = "tips/tips-Info.plist";
				IPHONEOS_DEPLOYMENT_TARGET = 7.0;
				PRODUCT_NAME = "$(TARGET_NAME)";
				WRAPPER_EXTENSION = app;
			};
			name = Debug;
		};
		E895C90B19CBDFD90035B468 /* Release */ = {
			isa = XCBuildConfiguration;
			buildSettings = {
				ASSETCATALOG_COMPILER_APPICON_NAME = AppIcon;
				ASSETCATALOG_COMPILER_LAUNCHIMAGE_NAME = LaunchImage;
				GCC_PRECOMPILE_PREFIX_HEADER = YES;
				GCC_PREFIX_HEADER = "tips/tips-Prefix.pch";
				INFOPLIST_FILE = "tips/tips-Info.plist";
				IPHONEOS_DEPLOYMENT_TARGET = 7.0;
				PRODUCT_NAME = "$(TARGET_NAME)";
				WRAPPER_EXTENSION = app;
			};
			name = Release;
		};
		E895C90D19CBDFD90035B468 /* Debug */ = {
			isa = XCBuildConfiguration;
			buildSettings = {
				BUNDLE_LOADER = "$(BUILT_PRODUCTS_DIR)/tips.app/tips";
				FRAMEWORK_SEARCH_PATHS = (
					"$(SDKROOT)/Developer/Library/Frameworks",
					"$(inherited)",
					"$(DEVELOPER_FRAMEWORKS_DIR)",
				);
				GCC_PRECOMPILE_PREFIX_HEADER = YES;
				GCC_PREFIX_HEADER = "tips/tips-Prefix.pch";
				GCC_PREPROCESSOR_DEFINITIONS = (
					"DEBUG=1",
					"$(inherited)",
				);
				INFOPLIST_FILE = "tipsTests/tipsTests-Info.plist";
				PRODUCT_NAME = "$(TARGET_NAME)";
				TEST_HOST = "$(BUNDLE_LOADER)";
				WRAPPER_EXTENSION = xctest;
			};
			name = Debug;
		};
		E895C90E19CBDFD90035B468 /* Release */ = {
			isa = XCBuildConfiguration;
			buildSettings = {
				BUNDLE_LOADER = "$(BUILT_PRODUCTS_DIR)/tips.app/tips";
				FRAMEWORK_SEARCH_PATHS = (
					"$(SDKROOT)/Developer/Library/Frameworks",
					"$(inherited)",
					"$(DEVELOPER_FRAMEWORKS_DIR)",
				);
				GCC_PRECOMPILE_PREFIX_HEADER = YES;
				GCC_PREFIX_HEADER = "tips/tips-Prefix.pch";
				INFOPLIST_FILE = "tipsTests/tipsTests-Info.plist";
				PRODUCT_NAME = "$(TARGET_NAME)";
				TEST_HOST = "$(BUNDLE_LOADER)";
				WRAPPER_EXTENSION = xctest;
			};
			name = Release;
		};
/* End XCBuildConfiguration section */

/* Begin XCConfigurationList section */
		E895C8D219CBDFD90035B468 /* Build configuration list for PBXProject "tips" */ = {
			isa = XCConfigurationList;
			buildConfigurations = (
				E895C90719CBDFD90035B468 /* Debug */,
				E895C90819CBDFD90035B468 /* Release */,
			);
			defaultConfigurationIsVisible = 0;
			defaultConfigurationName = Release;
		};
		E895C90919CBDFD90035B468 /* Build configuration list for PBXNativeTarget "tips" */ = {
			isa = XCConfigurationList;
			buildConfigurations = (
				E895C90A19CBDFD90035B468 /* Debug */,
				E895C90B19CBDFD90035B468 /* Release */,
			);
			defaultConfigurationIsVisible = 0;
		};
		E895C90C19CBDFD90035B468 /* Build configuration list for PBXNativeTarget "tipsTests" */ = {
			isa = XCConfigurationList;
			buildConfigurations = (
				E895C90D19CBDFD90035B468 /* Debug */,
				E895C90E19CBDFD90035B468 /* Release */,
			);
			defaultConfigurationIsVisible = 0;
		};
/* End XCConfigurationList section */
	};
	rootObject = E895C8CF19CBDFD90035B468 /* Project object */;
}
